
Microsoft Visual Studio Solution File, Format Version 12.00
# Visual Studio Version 17
VisualStudioVersion = 17.2.32519.379
MinimumVisualStudioVersion = 10.0.40219.1
Project("{FAE04EC0-301F-11D3-BF4B-00C04F79EFBC}") = "Linkedlist_generics", "Linkedlist_generics\Linkedlist_generics.csproj", "{EDDC39B2-3E30-4630-9715-795CA39DA9B7}"
EndProject
Global
	GlobalSection(SolutionConfigurationPlatforms) = preSolution
		Debug|Any CPU = Debug|Any CPU
		Release|Any CPU = Release|Any CPU
	EndGlobalSection
	GlobalSection(ProjectConfigurationPlatforms) = postSolution
		{EDDC39B2-3E30-4630-9715-795CA39DA9B7}.Debug|Any CPU.ActiveCfg = Debug|Any CPU
		{EDDC39B2-3E30-4630-9715-795CA39DA9B7}.Debug|Any CPU.Build.0 = Debug|Any CPU
		{EDDC39B2-3E30-4630-9715-795CA39DA9B7}.Release|Any CPU.ActiveCfg = Release|Any CPU
		{EDDC39B2-3E30-4630-9715-795CA39DA9B7}.Release|Any CPU.Build.0 = Release|Any CPU
	EndGlobalSection
	GlobalSection(SolutionProperties) = preSolution
		HideSolutionNode = FALSE
	EndGlobalSection
	GlobalSection(ExtensibilityGlobals) = postSolution
		SolutionGuid = {4454EB08-C39F-4FBE-AEED-E585DD9C126D}
	EndGlobalSection
EndGlobal
